// !$*UTF8*$!
{
	archiveVersion = 1;
	classes = {
	};
	objectVersion = 46;
	objects = {

/* Begin PBXBuildFile section */
		57D702711E2BA4210014E62A /* UIViewController+HKScrollingNavAndTabBar.m in Sources */ = {isa = PBXBuildFile; fileRef = 57D702701E2BA4210014E62A /* UIViewController+HKScrollingNavAndTabBar.m */; };
		57DF8D151E2527C1000CFC45 /* main.m in Sources */ = {isa = PBXBuildFile; fileRef = 57DF8D141E2527C1000CFC45 /* main.m */; };
		57DF8D181E2527C1000CFC45 /* AppDelegate.m in Sources */ = {isa = PBXBuildFile; fileRef = 57DF8D171E2527C1000CFC45 /* AppDelegate.m */; };
		57DF8D1B1E2527C1000CFC45 /* ViewController.m in Sources */ = {isa = PBXBuildFile; fileRef = 57DF8D1A1E2527C1000CFC45 /* ViewController.m */; };
		57DF8D201E2527C1000CFC45 /* Assets.xcassets in Resources */ = {isa = PBXBuildFile; fileRef = 57DF8D1F1E2527C1000CFC45 /* Assets.xcassets */; };
		57DF8D231E2527C1000CFC45 /* LaunchScreen.storyboard in Resources */ = {isa = PBXBuildFile; fileRef = 57DF8D211E2527C1000CFC45 /* LaunchScreen.storyboard */; };
		57DF8D301E252913000CFC45 /* UIView+HKScrollingNavAndBar.m in Sources */ = {isa = PBXBuildFile; fileRef = 57DF8D2F1E252913000CFC45 /* UIView+HKScrollingNavAndBar.m */; };
/* End PBXBuildFile section */

/* Begin PBXFileReference section */
		57D7026F1E2BA4210014E62A /* UIViewController+HKScrollingNavAndTabBar.h */ = {isa = PBXFileReference; fileEncoding = 4; lastKnownFileType = sourcecode.c.h; path = "UIViewController+HKScrollingNavAndTabBar.h"; sourceTree = "<group>"; };
		57D702701E2BA4210014E62A /* UIViewController+HKScrollingNavAndTabBar.m */ = {isa = PBXFileReference; fileEncoding = 4; lastKnownFileType = sourcecode.c.objc; path = "UIViewController+HKScrollingNavAndTabBar.m"; sourceTree = "<group>"; };
		57DF8D101E2527C1000CFC45 /* HKScrollingNavAndTabBar.app */ = {isa = PBXFileReference; explicitFileType = wrapper.application; includeInIndex = 0; path = HKScrollingNavAndTabBar.app; sourceTree = BUILT_PRODUCTS_DIR; };
		57DF8D141E2527C1000CFC45 /* main.m */ = {isa = PBXFileReference; lastKnownFileType = sourcecode.c.objc; path = main.m; sourceTree = "<group>"; };
		57DF8D161E2527C1000CFC45 /* AppDelegate.h */ = {isa = PBXFileReference; lastKnownFileType = sourcecode.c.h; path = AppDelegate.h; sourceTree = "<group>"; };
		57DF8D171E2527C1000CFC45 /* AppDelegate.m */ = {isa = PBXFileReference; lastKnownFileType = sourcecode.c.objc; path = AppDelegate.m; sourceTree = "<group>"; };
		57DF8D191E2527C1000CFC45 /* ViewController.h */ = {isa = PBXFileReference; lastKnownFileType = sourcecode.c.h; path = ViewController.h; sourceTree = "<group>"; };
		57DF8D1A1E2527C1000CFC45 /* ViewController.m */ = {isa = PBXFileReference; lastKnownFileType = sourcecode.c.objc; path = ViewController.m; sourceTree = "<group>"; };
		57DF8D1F1E2527C1000CFC45 /* Assets.xcassets */ = {isa = PBXFileReference; lastKnownFileType = folder.assetcatalog; path = Assets.xcassets; sourceTree = "<group>"; };
		57DF8D221E2527C1000CFC45 /* Base */ = {isa = PBXFileReference; lastKnownFileType = file.storyboard; name = Base; path = Base.lproj/LaunchScreen.storyboard; sourceTree = "<group>"; };
		57DF8D241E2527C1000CFC45 /* Info.plist */ = {isa = PBXFileReference; lastKnownFileType = text.plist.xml; path = Info.plist; sourceTree = "<group>"; };
		57DF8D2E1E252913000CFC45 /* UIView+HKScrollingNavAndBar.h */ = {isa = PBXFileReference; fileEncoding = 4; lastKnownFileType = sourcecode.c.h; path = "UIView+HKScrollingNavAndBar.h"; sourceTree = "<group>"; };
		57DF8D2F1E252913000CFC45 /* UIView+HKScrollingNavAndBar.m */ = {isa = PBXFileReference; fileEncoding = 4; lastKnownFileType = sourcecode.c.objc; path = "UIView+HKScrollingNavAndBar.m"; sourceTree = "<group>"; };
/* End PBXFileReference section */

/* Begin PBXFrameworksBuildPhase section */
		57DF8D0D1E2527C1000CFC45 /* Frameworks */ = {
			isa = PBXFrameworksBuildPhase;
			buildActionMask = 2147483647;
			files = (
			);
			runOnlyForDeploymentPostprocessing = 0;
		};
/* End PBXFrameworksBuildPhase section */

/* Begin PBXGroup section */
		57DF8D071E2527C1000CFC45 = {
			isa = PBXGroup;
			children = (
				57DF8D121E2527C1000CFC45 /* HKScrollingNavAndTabBar */,
				57DF8D111E2527C1000CFC45 /* Products */,
			);
			sourceTree = "<group>";
		};
		57DF8D111E2527C1000CFC45 /* Products */ = {
			isa = PBXGroup;
			children = (
				57DF8D101E2527C1000CFC45 /* HKScrollingNavAndTabBar.app */,
			);
			name = Products;
			sourceTree = "<group>";
		};
		57DF8D121E2527C1000CFC45 /* HKScrollingNavAndTabBar */ = {
			isa = PBXGroup;
			children = (
				57DF8D2A1E2528CF000CFC45 /* HKScrollingNavAndTabBar */,
				57DF8D161E2527C1000CFC45 /* AppDelegate.h */,
				57DF8D171E2527C1000CFC45 /* AppDelegate.m */,
				57DF8D191E2527C1000CFC45 /* ViewController.h */,
				57DF8D1A1E2527C1000CFC45 /* ViewController.m */,
				57DF8D1F1E2527C1000CFC45 /* Assets.xcassets */,
				57DF8D211E2527C1000CFC45 /* LaunchScreen.storyboard */,
				57DF8D241E2527C1000CFC45 /* Info.plist */,
				57DF8D131E2527C1000CFC45 /* Supporting Files */,
			);
			path = HKScrollingNavAndTabBar;
			sourceTree = "<group>";
		};
		57DF8D131E2527C1000CFC45 /* Supporting Files */ = {
			isa = PBXGroup;
			children = (
				57DF8D141E2527C1000CFC45 /* main.m */,
			);
			name = "Supporting Files";
			sourceTree = "<group>";
		};
		57DF8D2A1E2528CF000CFC45 /* HKScrollingNavAndTabBar */ = {
			isa = PBXGroup;
			children = (
				57DF8D2E1E252913000CFC45 /* UIView+HKScrollingNavAndBar.h */,
				57DF8D2F1E252913000CFC45 /* UIView+HKScrollingNavAndBar.m */,
				57D7026F1E2BA4210014E62A /* UIViewController+HKScrollingNavAndTabBar.h */,
				57D702701E2BA4210014E62A /* UIViewController+HKScrollingNavAndTabBar.m */,
			);
			path = HKScrollingNavAndTabBar;
			sourceTree = "<group>";
		};
/* End PBXGroup section */

/* Begin PBXNativeTarget section */
		57DF8D0F1E2527C1000CFC45 /* HKScrollingNavAndTabBar */ = {
			isa = PBXNativeTarget;
			buildConfigurationList = 57DF8D271E2527C1000CFC45 /* Build configuration list for PBXNativeTarget "HKScrollingNavAndTabBar" */;
			buildPhases = (
				57DF8D0C1E2527C1000CFC45 /* Sources */,
				57DF8D0D1E2527C1000CFC45 /* Frameworks */,
				57DF8D0E1E2527C1000CFC45 /* Resources */,
			);
			buildRules = (
			);
			dependencies = (
			);
			name = HKScrollingNavAndTabBar;
			productName = HKScrollingNavAndTabBar;
			productReference = 57DF8D101E2527C1000CFC45 /* HKScrollingNavAndTabBar.app */;
			productType = "com.apple.product-type.application";
		};
/* End PBXNativeTarget section */

/* Begin PBXProject section */
		57DF8D081E2527C1000CFC45 /* Project object */ = {
			isa = PBXProject;
			attributes = {
				CLASSPREFIX = HK;
				LastUpgradeCheck = 0810;
				ORGANIZATIONNAME = hkhust;
				TargetAttributes = {
					57DF8D0F1E2527C1000CFC45 = {
						CreatedOnToolsVersion = 8.1;
						ProvisioningStyle = Automatic;
					};
				};
			};
			buildConfigurationList = 57DF8D0B1E2527C1000CFC45 /* Build configuration list for PBXProject "HKScrollingNavAndTabBar" */;
			compatibilityVersion = "Xcode 3.2";
			developmentRegion = English;
			hasScannedForEncodings = 0;
			knownRegions = (
				en,
				Base,
			);
			mainGroup = 57DF8D071E2527C1000CFC45;
			productRefGroup = 57DF8D111E2527C1000CFC45 /* Products */;
			projectDirPath = "";
			projectRoot = "";
			targets = (
				57DF8D0F1E2527C1000CFC45 /* HKScrollingNavAndTabBar */,
			);
		};
/* End PBXProject section */

/* Begin PBXResourcesBuildPhase section */
		57DF8D0E1E2527C1000CFC45 /* Resources */ = {
			isa = PBXResourcesBuildPhase;
			buildActionMask = 2147483647;
			files = (
				57DF8D231E2527C1000CFC45 /* LaunchScreen.storyboard in Resources */,
				57DF8D201E2527C1000CFC45 /* Assets.xcassets in Resources */,
			);
			runOnlyForDeploymentPostprocessing = 0;
		};
/* End PBXResourcesBuildPhase section */

/* Begin PBXSourcesBuildPhase section */
		57DF8D0C1E2527C1000CFC45 /* Sources */ = {
			isa = PBXSourcesBuildPhase;
			buildActionMask = 2147483647;
			files = (
				57D702711E2BA4210014E62A /* UIViewController+HKScrollingNavAndTabBar.m in Sources */,
				57DF8D1B1E2527C1000CFC45 /* ViewController.m in Sources */,
				57DF8D301E252913000CFC45 /* UIView+HKScrollingNavAndBar.m in Sources */,
				57DF8D181E2527C1000CFC45 /* AppDelegate.m in Sources */,
				57DF8D151E2527C1000CFC45 /* main.m in Sources */,
			);
			runOnlyForDeploymentPostprocessing = 0;
		};
/* End PBXSourcesBuildPhase section */

/* Begin PBXVariantGroup section */
		57DF8D211E2527C1000CFC45 /* LaunchScreen.storyboard */ = {
			isa = PBXVariantGroup;
			children = (
				57DF8D221E2527C1000CFC45 /* Base */,
			);
			name = LaunchScreen.storyboard;
			sourceTree = "<group>";
		};
/* End PBXVariantGroup section */

/* Begin XCBuildConfiguration section */
		57DF8D251E2527C1000CFC45 /* Debug */ = {
			isa = XCBuildConfiguration;
			buildSettings = {
				ALWAYS_SEARCH_USER_PATHS = NO;
				CLANG_ANALYZER_NONNULL = YES;
				CLANG_CXX_LANGUAGE_STANDARD = "gnu++0x";
				CLANG_CXX_LIBRARY = "libc++";
				CLANG_ENABLE_MODULES = YES;
				CLANG_ENABLE_OBJC_ARC = YES;
				CLANG_WARN_BOOL_CONVERSION = YES;
				CLANG_WARN_CONSTANT_CONVERSION = YES;
				CLANG_WARN_DIRECT_OBJC_ISA_USAGE = YES_ERROR;
				CLANG_WARN_DOCUMENTATION_COMMENTS = YES;
				CLANG_WARN_EMPTY_BODY = YES;
				CLANG_WARN_ENUM_CONVERSION = YES;
				CLANG_WARN_INFINITE_RECURSION = YES;
				CLANG_WARN_INT_CONVERSION = YES;
				CLANG_WARN_OBJC_ROOT_CLASS = YES_ERROR;
				CLANG_WARN_SUSPICIOUS_MOVES = YES;
				CLANG_WARN_UNREACHABLE_CODE = YES;
				CLANG_WARN__DUPLICATE_METHOD_MATCH = YES;
				"CODE_SIGN_IDENTITY[sdk=iphoneos*]" = "iPhone Developer";
				COPY_PHASE_STRIP = NO;
				DEBUG_INFORMATION_FORMAT = dwarf;
				ENABLE_STRICT_OBJC_MSGSEND = YES;
				ENABLE_TESTABILITY = YES;
				GCC_C_LANGUAGE_STANDARD = gnu99;
				GCC_DYNAMIC_NO_PIC = NO;
				GCC_NO_COMMON_BLOCKS = YES;
				GCC_OPTIMIZATION_LEVEL = 0;
				GCC_PREPROCESSOR_DEFINITIONS = (
					"DEBUG=1",
					"$(inherited)",
				);
				GCC_WARN_64_TO_32_BIT_CONVERSION = YES;
				GCC_WARN_ABOUT_RETURN_TYPE = YES_ERROR;
				GCC_WARN_UNDECLARED_SELECTOR = YES;
				GCC_WARN_UNINITIALIZED_AUTOS = YES_AGGRESSIVE;
				GCC_WARN_UNUSED_FUNCTION = YES;
				GCC_WARN_UNUSED_VARIABLE = YES;
				IPHONEOS_DEPLOYMENT_TARGET = 8.0;
				MTL_ENABLE_DEBUG_INFO = YES;
				ONLY_ACTIVE_ARCH = YES;
				SDKROOT = iphoneos;
			};
			name = Debug;
		};
		57DF8D261E2527C1000CFC45 /* Release */ = {
			isa = XCBuildConfiguration;
			buildSettings = {
				ALWAYS_SEARCH_USER_PATHS = NO;
				CLANG_ANALYZER_NONNULL = YES;
				CLANG_CXX_LANGUAGE_STANDARD = "gnu++0x";
				CLANG_CXX_LIBRARY = "libc++";
				CLANG_ENABLE_MODULES = YES;
				CLANG_ENABLE_OBJC_ARC = YES;
				CLANG_WARN_BOOL_CONVERSION = YES;
				CLANG_WARN_CONSTANT_CONVERSION = YES;
				CLANG_WARN_DIRECT_OBJC_ISA_USAGE = YES_ERROR;
				CLANG_WARN_DOCUMENTATION_COMMENTS = YES;
				CLANG_WARN_EMPTY_BODY = YES;
				CLANG_WARN_ENUM_CONVERSION = YES;
				CLANG_WARN_INFINITE_RECURSION = YES;
				CLANG_WARN_INT_CONVERSION = YES;
				CLANG_WARN_OBJC_ROOT_CLASS = YES_ERROR;
				CLANG_WARN_SUSPICIOUS_MOVES = YES;
				CLANG_WARN_UNREACHABLE_CODE = YES;
				CLANG_WARN__DUPLICATE_METHOD_MATCH = YES;
				"CODE_SIGN_IDENTITY[sdk=iphoneos*]" = "iPhone Developer";
				COPY_PHASE_STRIP = NO;
				DEBUG_INFORMATION_FORMAT = "dwarf-with-dsym";
				ENABLE_NS_ASSERTIONS = NO;
				ENABLE_STRICT_OBJC_MSGSEND = YES;
				GCC_C_LANGUAGE_STANDARD = gnu99;
				GCC_NO_COMMON_BLOCKS = YES;
				GCC_WARN_64_TO_32_BIT_CONVERSION = YES;
				GCC_WARN_ABOUT_RETURN_TYPE = YES_ERROR;
				GCC_WARN_UNDECLARED_SELECTOR = YES;
				GCC_WARN_UNINITIALIZED_AUTOS = YES_AGGRESSIVE;
				GCC_WARN_UNUSED_FUNCTION = YES;
				GCC_WARN_UNUSED_VARIABLE = YES;
				IPHONEOS_DEPLOYMENT_TARGET = 8.0;
				MTL_ENABLE_DEBUG_INFO = NO;
				SDKROOT = iphoneos;
				VALIDATE_PRODUCT = YES;
			};
			name = Release;
		};
		57DF8D281E2527C1000CFC45 /* Debug */ = {
			isa = XCBuildConfiguration;
			buildSettings = {
				ASSETCATALOG_COMPILER_APPICON_NAME = AppIcon;
				INFOPLIST_FILE = HKScrollingNavAndTabBar/Info.plist;
				IPHONEOS_DEPLOYMENT_TARGET = 8.0;
				LD_RUNPATH_SEARCH_PATHS = "$(inherited) @executable_path/Frameworks";
				PRODUCT_BUNDLE_IDENTIFIER = cn.com.hkhust.HKScrollingNavAndTabBar;
				PRODUCT_NAME = "$(TARGET_NAME)";
			};
			name = Debug;
		};
		57DF8D291E2527C1000CFC45 /* Release */ = {
			isa = XCBuildConfiguration;
			buildSettings = {
				ASSETCATALOG_COMPILER_APPICON_NAME = AppIcon;
				INFOPLIST_FILE = HKScrollingNavAndTabBar/Info.plist;
				IPHONEOS_DEPLOYMENT_TARGET = 8.0;
				LD_RUNPATH_SEARCH_PATHS = "$(inherited) @executable_path/Frameworks";
				PRODUCT_BUNDLE_IDENTIFIER = cn.com.hkhust.HKScrollingNavAndTabBar;
				PRODUCT_NAME = "$(TARGET_NAME)";
			};
			name = Release;
		};
/* End XCBuildConfiguration section */

/* Begin XCConfigurationList section */
		57DF8D0B1E2527C1000CFC45 /* Build configuration list for PBXProject "HKScrollingNavAndTabBar" */ = {
			isa = XCConfigurationList;
			buildConfigurations = (
				57DF8D251E2527C1000CFC45 /* Debug */,
				57DF8D261E2527C1000CFC45 /* Release */,
			);
			defaultConfigurationIsVisible = 0;
			defaultConfigurationName = Release;
		};
		57DF8D271E2527C1000CFC45 /* Build configuration list for PBXNativeTarget "HKScrollingNavAndTabBar" */ = {
			isa = XCConfigurationList;
			buildConfigurations = (
				57DF8D281E2527C1000CFC45 /* Debug */,
				57DF8D291E2527C1000CFC45 /* Release */,
			);
			defaultConfigurationIsVisible = 0;
			defaultConfigurationName = Release;
		};
/* End XCConfigurationList section */
	};
	rootObject = 57DF8D081E2527C1000CFC45 /* Project object */;
}
